// !$*UTF8*$!
{
	archiveVersion = 1;
	classes = {
	};
	objectVersion = 56;
	objects = {

/* Begin PBXBuildFile section */
		1813E6FF2B21397E0069EDAD /* PokemonAPIProtocol.swift in Sources */ = {isa = PBXBuildFile; fileRef = 1813E6FE2B21397E0069EDAD /* PokemonAPIProtocol.swift */; };
		1813E7012B213D560069EDAD /* PokemonRepository.swift in Sources */ = {isa = PBXBuildFile; fileRef = 1813E7002B213D560069EDAD /* PokemonRepository.swift */; };
		1813E7032B2141570069EDAD /* NetworkAPIService.swift in Sources */ = {isa = PBXBuildFile; fileRef = 1813E7022B2141570069EDAD /* NetworkAPIService.swift */; };
		18846FB82B17F4D00059C83D /* PokedexApp.swift in Sources */ = {isa = PBXBuildFile; fileRef = 18846FB72B17F4D00059C83D /* PokedexApp.swift */; };
		18846FBA2B17F4D00059C83D /* ContentView.swift in Sources */ = {isa = PBXBuildFile; fileRef = 18846FB92B17F4D00059C83D /* ContentView.swift */; };
		18846FBC2B17F4D40059C83D /* Assets.xcassets in Resources */ = {isa = PBXBuildFile; fileRef = 18846FBB2B17F4D40059C83D /* Assets.xcassets */; };
		18846FBF2B17F4D40059C83D /* Preview Assets.xcassets in Resources */ = {isa = PBXBuildFile; fileRef = 18846FBE2B17F4D40059C83D /* Preview Assets.xcassets */; };
		18846FC92B17F4D40059C83D /* PokedexTests.swift in Sources */ = {isa = PBXBuildFile; fileRef = 18846FC82B17F4D40059C83D /* PokedexTests.swift */; };
		18846FD32B17F4D40059C83D /* PokedexUITests.swift in Sources */ = {isa = PBXBuildFile; fileRef = 18846FD22B17F4D40059C83D /* PokedexUITests.swift */; };
		18846FD52B17F4D40059C83D /* PokedexUITestsLaunchTests.swift in Sources */ = {isa = PBXBuildFile; fileRef = 18846FD42B17F4D40059C83D /* PokedexUITestsLaunchTests.swift */; };
		18846FE32B17F6EA0059C83D /* Alamofire in Frameworks */ = {isa = PBXBuildFile; productRef = 18846FE22B17F6EA0059C83D /* Alamofire */; };
		18846FE62B17F7520059C83D /* SDWebImageSwiftUI in Frameworks */ = {isa = PBXBuildFile; productRef = 18846FE52B17F7520059C83D /* SDWebImageSwiftUI */; };
		18846FE92B1999610059C83D /* PokedexModel.swift in Sources */ = {isa = PBXBuildFile; fileRef = 18846FE82B1999610059C83D /* PokedexModel.swift */; };
/* End PBXBuildFile section */

/* Begin PBXContainerItemProxy section */
		18846FC52B17F4D40059C83D /* PBXContainerItemProxy */ = {
			isa = PBXContainerItemProxy;
			containerPortal = 18846FAC2B17F4D00059C83D /* Project object */;
			proxyType = 1;
			remoteGlobalIDString = 18846FB32B17F4D00059C83D;
			remoteInfo = Pokedex;
		};
		18846FCF2B17F4D40059C83D /* PBXContainerItemProxy */ = {
			isa = PBXContainerItemProxy;
			containerPortal = 18846FAC2B17F4D00059C83D /* Project object */;
			proxyType = 1;
			remoteGlobalIDString = 18846FB32B17F4D00059C83D;
			remoteInfo = Pokedex;
		};
/* End PBXContainerItemProxy section */

/* Begin PBXFileReference section */
		1813E6FE2B21397E0069EDAD /* PokemonAPIProtocol.swift */ = {isa = PBXFileReference; lastKnownFileType = sourcecode.swift; path = PokemonAPIProtocol.swift; sourceTree = "<group>"; };
		1813E7002B213D560069EDAD /* PokemonRepository.swift */ = {isa = PBXFileReference; lastKnownFileType = sourcecode.swift; path = PokemonRepository.swift; sourceTree = "<group>"; };
		1813E7022B2141570069EDAD /* NetworkAPIService.swift */ = {isa = PBXFileReference; lastKnownFileType = sourcecode.swift; path = NetworkAPIService.swift; sourceTree = "<group>"; };
		18846FB42B17F4D00059C83D /* Pokedex.app */ = {isa = PBXFileReference; explicitFileType = wrapper.application; includeInIndex = 0; path = Pokedex.app; sourceTree = BUILT_PRODUCTS_DIR; };
		18846FB72B17F4D00059C83D /* PokedexApp.swift */ = {isa = PBXFileReference; lastKnownFileType = sourcecode.swift; path = PokedexApp.swift; sourceTree = "<group>"; };
		18846FB92B17F4D00059C83D /* ContentView.swift */ = {isa = PBXFileReference; lastKnownFileType = sourcecode.swift; path = ContentView.swift; sourceTree = "<group>"; };
		18846FBB2B17F4D40059C83D /* Assets.xcassets */ = {isa = PBXFileReference; lastKnownFileType = folder.assetcatalog; path = Assets.xcassets; sourceTree = "<group>"; };
		18846FBE2B17F4D40059C83D /* Preview Assets.xcassets */ = {isa = PBXFileReference; lastKnownFileType = folder.assetcatalog; path = "Preview Assets.xcassets"; sourceTree = "<group>"; };
		18846FC42B17F4D40059C83D /* PokedexTests.xctest */ = {isa = PBXFileReference; explicitFileType = wrapper.cfbundle; includeInIndex = 0; path = PokedexTests.xctest; sourceTree = BUILT_PRODUCTS_DIR; };
		18846FC82B17F4D40059C83D /* PokedexTests.swift */ = {isa = PBXFileReference; lastKnownFileType = sourcecode.swift; path = PokedexTests.swift; sourceTree = "<group>"; };
		18846FCE2B17F4D40059C83D /* PokedexUITests.xctest */ = {isa = PBXFileReference; explicitFileType = wrapper.cfbundle; includeInIndex = 0; path = PokedexUITests.xctest; sourceTree = BUILT_PRODUCTS_DIR; };
		18846FD22B17F4D40059C83D /* PokedexUITests.swift */ = {isa = PBXFileReference; lastKnownFileType = sourcecode.swift; path = PokedexUITests.swift; sourceTree = "<group>"; };
		18846FD42B17F4D40059C83D /* PokedexUITestsLaunchTests.swift */ = {isa = PBXFileReference; lastKnownFileType = sourcecode.swift; path = PokedexUITestsLaunchTests.swift; sourceTree = "<group>"; };
		18846FE82B1999610059C83D /* PokedexModel.swift */ = {isa = PBXFileReference; lastKnownFileType = sourcecode.swift; path = PokedexModel.swift; sourceTree = "<group>"; };
/* End PBXFileReference section */

/* Begin PBXFrameworksBuildPhase section */
		18846FB12B17F4D00059C83D /* Frameworks */ = {
			isa = PBXFrameworksBuildPhase;
			buildActionMask = 2147483647;
			files = (
				18846FE62B17F7520059C83D /* SDWebImageSwiftUI in Frameworks */,
				18846FE32B17F6EA0059C83D /* Alamofire in Frameworks */,
			);
			runOnlyForDeploymentPostprocessing = 0;
		};
		18846FC12B17F4D40059C83D /* Frameworks */ = {
			isa = PBXFrameworksBuildPhase;
			buildActionMask = 2147483647;
			files = (
			);
			runOnlyForDeploymentPostprocessing = 0;
		};
		18846FCB2B17F4D40059C83D /* Frameworks */ = {
			isa = PBXFrameworksBuildPhase;
			buildActionMask = 2147483647;
			files = (
			);
			runOnlyForDeploymentPostprocessing = 0;
		};
/* End PBXFrameworksBuildPhase section */

/* Begin PBXGroup section */
		18846FAB2B17F4D00059C83D = {
			isa = PBXGroup;
			children = (
				18846FB62B17F4D00059C83D /* Pokedex */,
				18846FC72B17F4D40059C83D /* PokedexTests */,
				18846FD12B17F4D40059C83D /* PokedexUITests */,
				18846FB52B17F4D00059C83D /* Products */,
			);
			sourceTree = "<group>";
		};
		18846FB52B17F4D00059C83D /* Products */ = {
			isa = PBXGroup;
			children = (
				18846FB42B17F4D00059C83D /* Pokedex.app */,
				18846FC42B17F4D40059C83D /* PokedexTests.xctest */,
				18846FCE2B17F4D40059C83D /* PokedexUITests.xctest */,
			);
			name = Products;
			sourceTree = "<group>";
		};
		18846FB62B17F4D00059C83D /* Pokedex */ = {
			isa = PBXGroup;
			children = (
				18846FE72B1999290059C83D /* Models */,
				18846FB72B17F4D00059C83D /* PokedexApp.swift */,
				18846FB92B17F4D00059C83D /* ContentView.swift */,
				1813E6FE2B21397E0069EDAD /* PokemonAPIProtocol.swift */,
				1813E7002B213D560069EDAD /* PokemonRepository.swift */,
				18846FBB2B17F4D40059C83D /* Assets.xcassets */,
				18846FBD2B17F4D40059C83D /* Preview Content */,
				1813E7022B2141570069EDAD /* NetworkAPIService.swift */,
			);
			path = Pokedex;
			sourceTree = "<group>";
		};
		18846FBD2B17F4D40059C83D /* Preview Content */ = {
			isa = PBXGroup;
			children = (
				18846FBE2B17F4D40059C83D /* Preview Assets.xcassets */,
			);
			path = "Preview Content";
			sourceTree = "<group>";
		};
		18846FC72B17F4D40059C83D /* PokedexTests */ = {
			isa = PBXGroup;
			children = (
				18846FC82B17F4D40059C83D /* PokedexTests.swift */,
			);
			path = PokedexTests;
			sourceTree = "<group>";
		};
		18846FD12B17F4D40059C83D /* PokedexUITests */ = {
			isa = PBXGroup;
			children = (
				18846FD22B17F4D40059C83D /* PokedexUITests.swift */,
				18846FD42B17F4D40059C83D /* PokedexUITestsLaunchTests.swift */,
			);
			path = PokedexUITests;
			sourceTree = "<group>";
		};
		18846FE72B1999290059C83D /* Models */ = {
			isa = PBXGroup;
			children = (
				18846FE82B1999610059C83D /* PokedexModel.swift */,
			);
			path = Models;
			sourceTree = "<group>";
		};
/* End PBXGroup section */

/* Begin PBXNativeTarget section */
		18846FB32B17F4D00059C83D /* Pokedex */ = {
			isa = PBXNativeTarget;
			buildConfigurationList = 18846FD82B17F4D40059C83D /* Build configuration list for PBXNativeTarget "Pokedex" */;
			buildPhases = (
				18846FB02B17F4D00059C83D /* Sources */,
				18846FB12B17F4D00059C83D /* Frameworks */,
				18846FB22B17F4D00059C83D /* Resources */,
			);
			buildRules = (
			);
			dependencies = (
			);
			name = Pokedex;
			packageProductDependencies = (
				18846FE22B17F6EA0059C83D /* Alamofire */,
				18846FE52B17F7520059C83D /* SDWebImageSwiftUI */,
			);
			productName = Pokedex;
			productReference = 18846FB42B17F4D00059C83D /* Pokedex.app */;
			productType = "com.apple.product-type.application";
		};
		18846FC32B17F4D40059C83D /* PokedexTests */ = {
			isa = PBXNativeTarget;
			buildConfigurationList = 18846FDB2B17F4D40059C83D /* Build configuration list for PBXNativeTarget "PokedexTests" */;
			buildPhases = (
				18846FC02B17F4D40059C83D /* Sources */,
				18846FC12B17F4D40059C83D /* Frameworks */,
				18846FC22B17F4D40059C83D /* Resources */,
			);
			buildRules = (
			);
			dependencies = (
				18846FC62B17F4D40059C83D /* PBXTargetDependency */,
			);
			name = PokedexTests;
			productName = PokedexTests;
			productReference = 18846FC42B17F4D40059C83D /* PokedexTests.xctest */;
			productType = "com.apple.product-type.bundle.unit-test";
		};
		18846FCD2B17F4D40059C83D /* PokedexUITests */ = {
			isa = PBXNativeTarget;
			buildConfigurationList = 18846FDE2B17F4D40059C83D /* Build configuration list for PBXNativeTarget "PokedexUITests" */;
			buildPhases = (
				18846FCA2B17F4D40059C83D /* Sources */,
				18846FCB2B17F4D40059C83D /* Frameworks */,
				18846FCC2B17F4D40059C83D /* Resources */,
			);
			buildRules = (
			);
			dependencies = (
				18846FD02B17F4D40059C83D /* PBXTargetDependency */,
			);
			name = PokedexUITests;
			productName = PokedexUITests;
			productReference = 18846FCE2B17F4D40059C83D /* PokedexUITests.xctest */;
			productType = "com.apple.product-type.bundle.ui-testing";
		};
/* End PBXNativeTarget section */

/* Begin PBXProject section */
		18846FAC2B17F4D00059C83D /* Project object */ = {
			isa = PBXProject;
			attributes = {
				BuildIndependentTargetsInParallel = 1;
				LastSwiftUpdateCheck = 1500;
				LastUpgradeCheck = 1500;
				TargetAttributes = {
					18846FB32B17F4D00059C83D = {
						CreatedOnToolsVersion = 15.0.1;
					};
					18846FC32B17F4D40059C83D = {
						CreatedOnToolsVersion = 15.0.1;
						TestTargetID = 18846FB32B17F4D00059C83D;
					};
					18846FCD2B17F4D40059C83D = {
						CreatedOnToolsVersion = 15.0.1;
						TestTargetID = 18846FB32B17F4D00059C83D;
					};
				};
			};
			buildConfigurationList = 18846FAF2B17F4D00059C83D /* Build configuration list for PBXProject "Pokedex" */;
			compatibilityVersion = "Xcode 14.0";
			developmentRegion = en;
			hasScannedForEncodings = 0;
			knownRegions = (
				en,
				Base,
			);
			mainGroup = 18846FAB2B17F4D00059C83D;
			packageReferences = (
				18846FE12B17F6EA0059C83D /* XCRemoteSwiftPackageReference "Alamofire" */,
				18846FE42B17F7520059C83D /* XCRemoteSwiftPackageReference "SDWebImageSwiftUI" */,
			);
			productRefGroup = 18846FB52B17F4D00059C83D /* Products */;
			projectDirPath = "";
			projectRoot = "";
			targets = (
				18846FB32B17F4D00059C83D /* Pokedex */,
				18846FC32B17F4D40059C83D /* PokedexTests */,
				18846FCD2B17F4D40059C83D /* PokedexUITests */,
			);
		};
/* End PBXProject section */

/* Begin PBXResourcesBuildPhase section */
		18846FB22B17F4D00059C83D /* Resources */ = {
			isa = PBXResourcesBuildPhase;
			buildActionMask = 2147483647;
			files = (
				18846FBF2B17F4D40059C83D /* Preview Assets.xcassets in Resources */,
				18846FBC2B17F4D40059C83D /* Assets.xcassets in Resources */,
			);
			runOnlyForDeploymentPostprocessing = 0;
		};
		18846FC22B17F4D40059C83D /* Resources */ = {
			isa = PBXResourcesBuildPhase;
			buildActionMask = 2147483647;
			files = (
			);
			runOnlyForDeploymentPostprocessing = 0;
		};
		18846FCC2B17F4D40059C83D /* Resources */ = {
			isa = PBXResourcesBuildPhase;
			buildActionMask = 2147483647;
			files = (
			);
			runOnlyForDeploymentPostprocessing = 0;
		};
/* End PBXResourcesBuildPhase section */

/* Begin PBXSourcesBuildPhase section */
		18846FB02B17F4D00059C83D /* Sources */ = {
			isa = PBXSourcesBuildPhase;
			buildActionMask = 2147483647;
			files = (
				1813E6FF2B21397E0069EDAD /* PokemonAPIProtocol.swift in Sources */,
				1813E7012B213D560069EDAD /* PokemonRepository.swift in Sources */,
				18846FBA2B17F4D00059C83D /* ContentView.swift in Sources */,
				1813E7032B2141570069EDAD /* NetworkAPIService.swift in Sources */,
				18846FE92B1999610059C83D /* PokedexModel.swift in Sources */,
				18846FB82B17F4D00059C83D /* PokedexApp.swift in Sources */,
			);
			runOnlyForDeploymentPostprocessing = 0;
		};
		18846FC02B17F4D40059C83D /* Sources */ = {
			isa = PBXSourcesBuildPhase;
			buildActionMask = 2147483647;
			files = (
				18846FC92B17F4D40059C83D /* PokedexTests.swift in Sources */,
			);
			runOnlyForDeploymentPostprocessing = 0;
		};
		18846FCA2B17F4D40059C83D /* Sources */ = {
			isa = PBXSourcesBuildPhase;
			buildActionMask = 2147483647;
			files = (
				18846FD32B17F4D40059C83D /* PokedexUITests.swift in Sources */,
				18846FD52B17F4D40059C83D /* PokedexUITestsLaunchTests.swift in Sources */,
			);
			runOnlyForDeploymentPostprocessing = 0;
		};
/* End PBXSourcesBuildPhase section */

/* Begin PBXTargetDependency section */
		18846FC62B17F4D40059C83D /* PBXTargetDependency */ = {
			isa = PBXTargetDependency;
			target = 18846FB32B17F4D00059C83D /* Pokedex */;
			targetProxy = 18846FC52B17F4D40059C83D /* PBXContainerItemProxy */;
		};
		18846FD02B17F4D40059C83D /* PBXTargetDependency */ = {
			isa = PBXTargetDependency;
			target = 18846FB32B17F4D00059C83D /* Pokedex */;
			targetProxy = 18846FCF2B17F4D40059C83D /* PBXContainerItemProxy */;
		};
/* End PBXTargetDependency section */

/* Begin XCBuildConfiguration section */
		18846FD62B17F4D40059C83D /* Debug */ = {
			isa = XCBuildConfiguration;
			buildSettings = {
				ALWAYS_SEARCH_USER_PATHS = NO;
				ASSETCATALOG_COMPILER_GENERATE_SWIFT_ASSET_SYMBOL_EXTENSIONS = YES;
				CLANG_ANALYZER_NONNULL = YES;
				CLANG_ANALYZER_NUMBER_OBJECT_CONVERSION = YES_AGGRESSIVE;
				CLANG_CXX_LANGUAGE_STANDARD = "gnu++20";
				CLANG_ENABLE_MODULES = YES;
				CLANG_ENABLE_OBJC_ARC = YES;
				CLANG_ENABLE_OBJC_WEAK = YES;
				CLANG_WARN_BLOCK_CAPTURE_AUTORELEASING = YES;
				CLANG_WARN_BOOL_CONVERSION = YES;
				CLANG_WARN_COMMA = YES;
				CLANG_WARN_CONSTANT_CONVERSION = YES;
				CLANG_WARN_DEPRECATED_OBJC_IMPLEMENTATIONS = YES;
				CLANG_WARN_DIRECT_OBJC_ISA_USAGE = YES_ERROR;
				CLANG_WARN_DOCUMENTATION_COMMENTS = YES;
				CLANG_WARN_EMPTY_BODY = YES;
				CLANG_WARN_ENUM_CONVERSION = YES;
				CLANG_WARN_INFINITE_RECURSION = YES;
				CLANG_WARN_INT_CONVERSION = YES;
				CLANG_WARN_NON_LITERAL_NULL_CONVERSION = YES;
				CLANG_WARN_OBJC_IMPLICIT_RETAIN_SELF = YES;
				CLANG_WARN_OBJC_LITERAL_CONVERSION = YES;
				CLANG_WARN_OBJC_ROOT_CLASS = YES_ERROR;
				CLANG_WARN_QUOTED_INCLUDE_IN_FRAMEWORK_HEADER = YES;
				CLANG_WARN_RANGE_LOOP_ANALYSIS = YES;
				CLANG_WARN_STRICT_PROTOTYPES = YES;
				CLANG_WARN_SUSPICIOUS_MOVE = YES;
				CLANG_WARN_UNGUARDED_AVAILABILITY = YES_AGGRESSIVE;
				CLANG_WARN_UNREACHABLE_CODE = YES;
				CLANG_WARN__DUPLICATE_METHOD_MATCH = YES;
				COPY_PHASE_STRIP = NO;
				DEBUG_INFORMATION_FORMAT = dwarf;
				ENABLE_STRICT_OBJC_MSGSEND = YES;
				ENABLE_TESTABILITY = YES;
				ENABLE_USER_SCRIPT_SANDBOXING = YES;
				GCC_C_LANGUAGE_STANDARD = gnu17;
				GCC_DYNAMIC_NO_PIC = NO;
				GCC_NO_COMMON_BLOCKS = YES;
				GCC_OPTIMIZATION_LEVEL = 0;
				GCC_PREPROCESSOR_DEFINITIONS = (
					"DEBUG=1",
					"$(inherited)",
				);
				GCC_WARN_64_TO_32_BIT_CONVERSION = YES;
				GCC_WARN_ABOUT_RETURN_TYPE = YES_ERROR;
				GCC_WARN_UNDECLARED_SELECTOR = YES;
				GCC_WARN_UNINITIALIZED_AUTOS = YES_AGGRESSIVE;
				GCC_WARN_UNUSED_FUNCTION = YES;
				GCC_WARN_UNUSED_VARIABLE = YES;
				IPHONEOS_DEPLOYMENT_TARGET = 16.6;
				LOCALIZATION_PREFERS_STRING_CATALOGS = YES;
				MTL_ENABLE_DEBUG_INFO = INCLUDE_SOURCE;
				MTL_FAST_MATH = YES;
				ONLY_ACTIVE_ARCH = YES;
				SDKROOT = iphoneos;
				SWIFT_ACTIVE_COMPILATION_CONDITIONS = "DEBUG $(inherited)";
				SWIFT_OPTIMIZATION_LEVEL = "-Onone";
			};
			name = Debug;
		};
		18846FD72B17F4D40059C83D /* Release */ = {
			isa = XCBuildConfiguration;
			buildSettings = {
				ALWAYS_SEARCH_USER_PATHS = NO;
				ASSETCATALOG_COMPILER_GENERATE_SWIFT_ASSET_SYMBOL_EXTENSIONS = YES;
				CLANG_ANALYZER_NONNULL = YES;
				CLANG_ANALYZER_NUMBER_OBJECT_CONVERSION = YES_AGGRESSIVE;
				CLANG_CXX_LANGUAGE_STANDARD = "gnu++20";
				CLANG_ENABLE_MODULES = YES;
				CLANG_ENABLE_OBJC_ARC = YES;
				CLANG_ENABLE_OBJC_WEAK = YES;
				CLANG_WARN_BLOCK_CAPTURE_AUTORELEASING = YES;
				CLANG_WARN_BOOL_CONVERSION = YES;
				CLANG_WARN_COMMA = YES;
				CLANG_WARN_CONSTANT_CONVERSION = YES;
				CLANG_WARN_DEPRECATED_OBJC_IMPLEMENTATIONS = YES;
				CLANG_WARN_DIRECT_OBJC_ISA_USAGE = YES_ERROR;
				CLANG_WARN_DOCUMENTATION_COMMENTS = YES;
				CLANG_WARN_EMPTY_BODY = YES;
				CLANG_WARN_ENUM_CONVERSION = YES;
				CLANG_WARN_INFINITE_RECURSION = YES;
				CLANG_WARN_INT_CONVERSION = YES;
				CLANG_WARN_NON_LITERAL_NULL_CONVERSION = YES;
				CLANG_WARN_OBJC_IMPLICIT_RETAIN_SELF = YES;
				CLANG_WARN_OBJC_LITERAL_CONVERSION = YES;
				CLANG_WARN_OBJC_ROOT_CLASS = YES_ERROR;
				CLANG_WARN_QUOTED_INCLUDE_IN_FRAMEWORK_HEADER = YES;
				CLANG_WARN_RANGE_LOOP_ANALYSIS = YES;
				CLANG_WARN_STRICT_PROTOTYPES = YES;
				CLANG_WARN_SUSPICIOUS_MOVE = YES;
				CLANG_WARN_UNGUARDED_AVAILABILITY = YES_AGGRESSIVE;
				CLANG_WARN_UNREACHABLE_CODE = YES;
				CLANG_WARN__DUPLICATE_METHOD_MATCH = YES;
				COPY_PHASE_STRIP = NO;
				DEBUG_INFORMATION_FORMAT = "dwarf-with-dsym";
				ENABLE_NS_ASSERTIONS = NO;
				ENABLE_STRICT_OBJC_MSGSEND = YES;
				ENABLE_USER_SCRIPT_SANDBOXING = YES;
				GCC_C_LANGUAGE_STANDARD = gnu17;
				GCC_NO_COMMON_BLOCKS = YES;
				GCC_WARN_64_TO_32_BIT_CONVERSION = YES;
				GCC_WARN_ABOUT_RETURN_TYPE = YES_ERROR;
				GCC_WARN_UNDECLARED_SELECTOR = YES;
				GCC_WARN_UNINITIALIZED_AUTOS = YES_AGGRESSIVE;
				GCC_WARN_UNUSED_FUNCTION = YES;
				GCC_WARN_UNUSED_VARIABLE = YES;
				IPHONEOS_DEPLOYMENT_TARGET = 16.6;
				LOCALIZATION_PREFERS_STRING_CATALOGS = YES;
				MTL_ENABLE_DEBUG_INFO = NO;
				MTL_FAST_MATH = YES;
				SDKROOT = iphoneos;
				SWIFT_COMPILATION_MODE = wholemodule;
				VALIDATE_PRODUCT = YES;
			};
			name = Release;
		};
		18846FD92B17F4D40059C83D /* Debug */ = {
			isa = XCBuildConfiguration;
			buildSettings = {
				ASSETCATALOG_COMPILER_APPICON_NAME = AppIcon;
				ASSETCATALOG_COMPILER_GLOBAL_ACCENT_COLOR_NAME = AccentColor;
				CODE_SIGN_STYLE = Automatic;
				CURRENT_PROJECT_VERSION = 1;
				DEVELOPMENT_ASSET_PATHS = "\"Pokedex/Preview Content\"";
				DEVELOPMENT_TEAM = UZ8JC7BBMA;
				ENABLE_PREVIEWS = YES;
				GENERATE_INFOPLIST_FILE = YES;
				INFOPLIST_KEY_UIApplicationSceneManifest_Generation = YES;
				INFOPLIST_KEY_UIApplicationSupportsIndirectInputEvents = YES;
				INFOPLIST_KEY_UILaunchScreen_Generation = YES;
				INFOPLIST_KEY_UISupportedInterfaceOrientations_iPad = "UIInterfaceOrientationPortrait UIInterfaceOrientationPortraitUpsideDown UIInterfaceOrientationLandscapeLeft UIInterfaceOrientationLandscapeRight";
				INFOPLIST_KEY_UISupportedInterfaceOrientations_iPhone = "UIInterfaceOrientationPortrait UIInterfaceOrientationLandscapeLeft UIInterfaceOrientationLandscapeRight";
				LD_RUNPATH_SEARCH_PATHS = (
					"$(inherited)",
					"@executable_path/Frameworks",
				);
				MARKETING_VERSION = 1.0;
				PRODUCT_BUNDLE_IDENTIFIER = diego.Pokedex;
				PRODUCT_NAME = "$(TARGET_NAME)";
				SWIFT_EMIT_LOC_STRINGS = YES;
				SWIFT_VERSION = 5.0;
				TARGETED_DEVICE_FAMILY = "1,2";
			};
			name = Debug;
		};
		18846FDA2B17F4D40059C83D /* Release */ = {
			isa = XCBuildConfiguration;
			buildSettings = {
				ASSETCATALOG_COMPILER_APPICON_NAME = AppIcon;
				ASSETCATALOG_COMPILER_GLOBAL_ACCENT_COLOR_NAME = AccentColor;
				CODE_SIGN_STYLE = Automatic;
				CURRENT_PROJECT_VERSION = 1;
				DEVELOPMENT_ASSET_PATHS = "\"Pokedex/Preview Content\"";
				DEVELOPMENT_TEAM = UZ8JC7BBMA;
				ENABLE_PREVIEWS = YES;
				GENERATE_INFOPLIST_FILE = YES;
				INFOPLIST_KEY_UIApplicationSceneManifest_Generation = YES;
				INFOPLIST_KEY_UIApplicationSupportsIndirectInputEvents = YES;
				INFOPLIST_KEY_UILaunchScreen_Generation = YES;
				INFOPLIST_KEY_UISupportedInterfaceOrientations_iPad = "UIInterfaceOrientationPortrait UIInterfaceOrientationPortraitUpsideDown UIInterfaceOrientationLandscapeLeft UIInterfaceOrientationLandscapeRight";
				INFOPLIST_KEY_UISupportedInterfaceOrientations_iPhone = "UIInterfaceOrientationPortrait UIInterfaceOrientationLandscapeLeft UIInterfaceOrientationLandscapeRight";
				LD_RUNPATH_SEARCH_PATHS = (
					"$(inherited)",
					"@executable_path/Frameworks",
				);
				MARKETING_VERSION = 1.0;
				PRODUCT_BUNDLE_IDENTIFIER = diego.Pokedex;
				PRODUCT_NAME = "$(TARGET_NAME)";
				SWIFT_EMIT_LOC_STRINGS = YES;
				SWIFT_VERSION = 5.0;
				TARGETED_DEVICE_FAMILY = "1,2";
			};
			name = Release;
		};
		18846FDC2B17F4D40059C83D /* Debug */ = {
			isa = XCBuildConfiguration;
			buildSettings = {
				ALWAYS_EMBED_SWIFT_STANDARD_LIBRARIES = YES;
				BUNDLE_LOADER = "$(TEST_HOST)";
				CODE_SIGN_STYLE = Automatic;
				CURRENT_PROJECT_VERSION = 1;
				DEVELOPMENT_TEAM = UZ8JC7BBMA;
				GENERATE_INFOPLIST_FILE = YES;
				IPHONEOS_DEPLOYMENT_TARGET = 17.0;
				MARKETING_VERSION = 1.0;
				PRODUCT_BUNDLE_IDENTIFIER = diego.PokedexTests;
				PRODUCT_NAME = "$(TARGET_NAME)";
				SWIFT_EMIT_LOC_STRINGS = NO;
				SWIFT_VERSION = 5.0;
				TARGETED_DEVICE_FAMILY = "1,2";
				TEST_HOST = "$(BUILT_PRODUCTS_DIR)/Pokedex.app/$(BUNDLE_EXECUTABLE_FOLDER_PATH)/Pokedex";
			};
			name = Debug;
		};
		18846FDD2B17F4D40059C83D /* Release */ = {
			isa = XCBuildConfiguration;
			buildSettings = {
				ALWAYS_EMBED_SWIFT_STANDARD_LIBRARIES = YES;
				BUNDLE_LOADER = "$(TEST_HOST)";
				CODE_SIGN_STYLE = Automatic;
				CURRENT_PROJECT_VERSION = 1;
				DEVELOPMENT_TEAM = UZ8JC7BBMA;
				GENERATE_INFOPLIST_FILE = YES;
				IPHONEOS_DEPLOYMENT_TARGET = 17.0;
				MARKETING_VERSION = 1.0;
				PRODUCT_BUNDLE_IDENTIFIER = diego.PokedexTests;
				PRODUCT_NAME = "$(TARGET_NAME)";
				SWIFT_EMIT_LOC_STRINGS = NO;
				SWIFT_VERSION = 5.0;
				TARGETED_DEVICE_FAMILY = "1,2";
				TEST_HOST = "$(BUILT_PRODUCTS_DIR)/Pokedex.app/$(BUNDLE_EXECUTABLE_FOLDER_PATH)/Pokedex";
			};
			name = Release;
		};
		18846FDF2B17F4D40059C83D /* Debug */ = {
			isa = XCBuildConfiguration;
			buildSettings = {
				ALWAYS_EMBED_SWIFT_STANDARD_LIBRARIES = YES;
				CODE_SIGN_STYLE = Automatic;
				CURRENT_PROJECT_VERSION = 1;
				DEVELOPMENT_TEAM = UZ8JC7BBMA;
				GENERATE_INFOPLIST_FILE = YES;
				MARKETING_VERSION = 1.0;
				PRODUCT_BUNDLE_IDENTIFIER = diego.PokedexUITests;
				PRODUCT_NAME = "$(TARGET_NAME)";
				SWIFT_EMIT_LOC_STRINGS = NO;
				SWIFT_VERSION = 5.0;
				TARGETED_DEVICE_FAMILY = "1,2";
				TEST_TARGET_NAME = Pokedex;
			};
			name = Debug;
		};
		18846FE02B17F4D40059C83D /* Release */ = {
			isa = XCBuildConfiguration;
			buildSettings = {
				ALWAYS_EMBED_SWIFT_STANDARD_LIBRARIES = YES;
				CODE_SIGN_STYLE = Automatic;
				CURRENT_PROJECT_VERSION = 1;
				DEVELOPMENT_TEAM = UZ8JC7BBMA;
				GENERATE_INFOPLIST_FILE = YES;
				MARKETING_VERSION = 1.0;
				PRODUCT_BUNDLE_IDENTIFIER = diego.PokedexUITests;
				PRODUCT_NAME = "$(TARGET_NAME)";
				SWIFT_EMIT_LOC_STRINGS = NO;
				SWIFT_VERSION = 5.0;
				TARGETED_DEVICE_FAMILY = "1,2";
				TEST_TARGET_NAME = Pokedex;
			};
			name = Release;
		};
/* End XCBuildConfiguration section */

/* Begin XCConfigurationList section */
		18846FAF2B17F4D00059C83D /* Build configuration list for PBXProject "Pokedex" */ = {
			isa = XCConfigurationList;
			buildConfigurations = (
				18846FD62B17F4D40059C83D /* Debug */,
				18846FD72B17F4D40059C83D /* Release */,
			);
			defaultConfigurationIsVisible = 0;
			defaultConfigurationName = Release;
		};
		18846FD82B17F4D40059C83D /* Build configuration list for PBXNativeTarget "Pokedex" */ = {
			isa = XCConfigurationList;
			buildConfigurations = (
				18846FD92B17F4D40059C83D /* Debug */,
				18846FDA2B17F4D40059C83D /* Release */,
			);
			defaultConfigurationIsVisible = 0;
			defaultConfigurationName = Release;
		};
		18846FDB2B17F4D40059C83D /* Build configuration list for PBXNativeTarget "PokedexTests" */ = {
			isa = XCConfigurationList;
			buildConfigurations = (
				18846FDC2B17F4D40059C83D /* Debug */,
				18846FDD2B17F4D40059C83D /* Release */,
			);
			defaultConfigurationIsVisible = 0;
			defaultConfigurationName = Release;
		};
		18846FDE2B17F4D40059C83D /* Build configuration list for PBXNativeTarget "PokedexUITests" */ = {
			isa = XCConfigurationList;
			buildConfigurations = (
				18846FDF2B17F4D40059C83D /* Debug */,
				18846FE02B17F4D40059C83D /* Release */,
			);
			defaultConfigurationIsVisible = 0;
			defaultConfigurationName = Release;
		};
/* End XCConfigurationList section */

/* Begin XCRemoteSwiftPackageReference section */
		18846FE12B17F6EA0059C83D /* XCRemoteSwiftPackageReference "Alamofire" */ = {
			isa = XCRemoteSwiftPackageReference;
			repositoryURL = "https://github.com/Alamofire/Alamofire.git";
			requirement = {
				kind = upToNextMajorVersion;
				minimumVersion = 5.8.1;
			};
		};
		18846FE42B17F7520059C83D /* XCRemoteSwiftPackageReference "SDWebImageSwiftUI" */ = {
			isa = XCRemoteSwiftPackageReference;
			repositoryURL = "https://github.com/SDWebImage/SDWebImageSwiftUI";
			requirement = {
				kind = upToNextMajorVersion;
				minimumVersion = 2.2.5;
			};
		};
/* End XCRemoteSwiftPackageReference section */

/* Begin XCSwiftPackageProductDependency section */
		18846FE22B17F6EA0059C83D /* Alamofire */ = {
			isa = XCSwiftPackageProductDependency;
			package = 18846FE12B17F6EA0059C83D /* XCRemoteSwiftPackageReference "Alamofire" */;
			productName = Alamofire;
		};
		18846FE52B17F7520059C83D /* SDWebImageSwiftUI */ = {
			isa = XCSwiftPackageProductDependency;
			package = 18846FE42B17F7520059C83D /* XCRemoteSwiftPackageReference "SDWebImageSwiftUI" */;
			productName = SDWebImageSwiftUI;
		};
/* End XCSwiftPackageProductDependency section */
	};
	rootObject = 18846FAC2B17F4D00059C83D /* Project object */;
}
